
Microsoft Visual Studio Solution File, Format Version 12.00
# Visual Studio 15
VisualStudioVersion = 15.0.27130.2036
MinimumVisualStudioVersion = 10.0.40219.1
Project("{FAE04EC0-301F-11D3-BF4B-00C04F79EFBC}") = "WavecellSmsTest", "WavecelSmsTest\WavecellSmsTest.csproj", "{A8843364-A063-4D1C-9690-99C91EB65C26}"
EndProject
Project("{2150E333-8FDC-42A3-9474-1A3956D46DE8}") = "Solution Items", "Solution Items", "{712D2B4C-C4C1-48BB-9323-8DE2710BE37C}"
	ProjectSection(SolutionItems) = preProject
		README.md = README.md
	EndProjectSection
EndProject
Project("{FAE04EC0-301F-11D3-BF4B-00C04F79EFBC}") = "WavecellSmsCore", "WavecellSmsCore\WavecellSmsCore.csproj", "{48DB318A-0B66-4C47-9D1A-FEDDBC01BBD9}"
EndProject
Project("{9A19103F-16F7-4668-BE54-9A1E7A4F7556}") = "WavecellSmsDeliveryReports", "WavecellSmsDeliveryReports\WavecellSmsDeliveryReports.csproj", "{0A763563-1763-46AA-9E24-6F227F8F44A4}"
EndProject
Global
	GlobalSection(SolutionConfigurationPlatforms) = preSolution
		Debug|Any CPU = Debug|Any CPU
		Release|Any CPU = Release|Any CPU
	EndGlobalSection
	GlobalSection(ProjectConfigurationPlatforms) = postSolution
		{A8843364-A063-4D1C-9690-99C91EB65C26}.Debug|Any CPU.ActiveCfg = Debug|Any CPU
		{A8843364-A063-4D1C-9690-99C91EB65C26}.Debug|Any CPU.Build.0 = Debug|Any CPU
		{A8843364-A063-4D1C-9690-99C91EB65C26}.Release|Any CPU.ActiveCfg = Release|Any CPU
		{A8843364-A063-4D1C-9690-99C91EB65C26}.Release|Any CPU.Build.0 = Release|Any CPU
		{48DB318A-0B66-4C47-9D1A-FEDDBC01BBD9}.Debug|Any CPU.ActiveCfg = Debug|Any CPU
		{48DB318A-0B66-4C47-9D1A-FEDDBC01BBD9}.Debug|Any CPU.Build.0 = Debug|Any CPU
		{48DB318A-0B66-4C47-9D1A-FEDDBC01BBD9}.Release|Any CPU.ActiveCfg = Release|Any CPU
		{48DB318A-0B66-4C47-9D1A-FEDDBC01BBD9}.Release|Any CPU.Build.0 = Release|Any CPU
		{0A763563-1763-46AA-9E24-6F227F8F44A4}.Debug|Any CPU.ActiveCfg = Debug|Any CPU
		{0A763563-1763-46AA-9E24-6F227F8F44A4}.Debug|Any CPU.Build.0 = Debug|Any CPU
		{0A763563-1763-46AA-9E24-6F227F8F44A4}.Release|Any CPU.ActiveCfg = Release|Any CPU
		{0A763563-1763-46AA-9E24-6F227F8F44A4}.Release|Any CPU.Build.0 = Release|Any CPU
	EndGlobalSection
	GlobalSection(SolutionProperties) = preSolution
		HideSolutionNode = FALSE
	EndGlobalSection
	GlobalSection(ExtensibilityGlobals) = postSolution
		SolutionGuid = {88EA9430-9826-458F-820A-E89372B97179}
	EndGlobalSection
EndGlobal
